
Microsoft Visual Studio Solution File, Format Version 12.00
# Visual Studio Version 16
VisualStudioVersion = 16.0.31424.327
MinimumVisualStudioVersion = 10.0.40219.1
Project("{FAE04EC0-301F-11D3-BF4B-00C04F79EFBC}") = "TestMacroscop", "TestMacroscop\TestMacroscop.csproj", "{412D1F9E-7790-4DD7-A3F0-965751850A04}"
EndProject
Global
	GlobalSection(SolutionConfigurationPlatforms) = preSolution
		Debug|Any CPU = Debug|Any CPU
		Release|Any CPU = Release|Any CPU
	EndGlobalSection
	GlobalSection(ProjectConfigurationPlatforms) = postSolution
		{412D1F9E-7790-4DD7-A3F0-965751850A04}.Debug|Any CPU.ActiveCfg = Debug|Any CPU
		{412D1F9E-7790-4DD7-A3F0-965751850A04}.Debug|Any CPU.Build.0 = Debug|Any CPU
		{412D1F9E-7790-4DD7-A3F0-965751850A04}.Release|Any CPU.ActiveCfg = Release|Any CPU
		{412D1F9E-7790-4DD7-A3F0-965751850A04}.Release|Any CPU.Build.0 = Release|Any CPU
	EndGlobalSection
	GlobalSection(SolutionProperties) = preSolution
		HideSolutionNode = FALSE
	EndGlobalSection
	GlobalSection(ExtensibilityGlobals) = postSolution
		SolutionGuid = {957865DF-39E5-4011-BE07-A9394E491318}
	EndGlobalSection
EndGlobal
